
Microsoft Visual Studio Solution File, Format Version 12.00
# Visual Studio Version 17
VisualStudioVersion = 17.13.35806.99 d17.13
MinimumVisualStudioVersion = 10.0.40219.1
Project("{FC65038C-1B2F-41E1-A629-BED71D161FFF}") = "QuickFind (USR) [QuickFind]", "QuickFind.rnrproj", "{3E3B4588-209B-4EDB-B1BF-BF825289CC9F}"
EndProject
Global
	GlobalSection(SolutionConfigurationPlatforms) = preSolution
		Debug|Any CPU = Debug|Any CPU
	EndGlobalSection
	GlobalSection(ProjectConfigurationPlatforms) = postSolution
		{3E3B4588-209B-4EDB-B1BF-BF825289CC9F}.Debug|Any CPU.ActiveCfg = Debug|Any CPU
		{3E3B4588-209B-4EDB-B1BF-BF825289CC9F}.Debug|Any CPU.Build.0 = Debug|Any CPU
	EndGlobalSection
	GlobalSection(SolutionProperties) = preSolution
		HideSolutionNode = FALSE
	EndGlobalSection
	GlobalSection(ExtensibilityGlobals) = postSolution
		SolutionGuid = {EF821BCE-A48B-44FE-806D-A262494C5128}
	EndGlobalSection
EndGlobal
